
Microsoft Visual Studio Solution File, Format Version 12.00
# Visual Studio Version 16
VisualStudioVersion = 16.0.31205.134
MinimumVisualStudioVersion = 10.0.40219.1
Project("{FAE04EC0-301F-11D3-BF4B-00C04F79EFBC}") = "PoorTwittsProject", "PoorTwittsProject\PoorTwittsProject.csproj", "{70DC7D51-01A3-422E-8FA5-1854C3B25365}"
EndProject
Project("{FAE04EC0-301F-11D3-BF4B-00C04F79EFBC}") = "PoorTwittsProject.Database", "PoorTwittsProject.Database\PoorTwittsProject.Database.csproj", "{01052724-71D1-469C-90C1-AAD906A9F2D6}"
EndProject
Project("{FAE04EC0-301F-11D3-BF4B-00C04F79EFBC}") = "PoorTwittsProject.Domain", "PoorTwittsProject.Domain\PoorTwittsProject.Domain.csproj", "{3CEB1AFF-017C-414D-8792-510DD7F02220}"
EndProject
Global
	GlobalSection(SolutionConfigurationPlatforms) = preSolution
		Debug|Any CPU = Debug|Any CPU
		Release|Any CPU = Release|Any CPU
	EndGlobalSection
	GlobalSection(ProjectConfigurationPlatforms) = postSolution
		{70DC7D51-01A3-422E-8FA5-1854C3B25365}.Debug|Any CPU.ActiveCfg = Debug|Any CPU
		{70DC7D51-01A3-422E-8FA5-1854C3B25365}.Debug|Any CPU.Build.0 = Debug|Any CPU
		{70DC7D51-01A3-422E-8FA5-1854C3B25365}.Release|Any CPU.ActiveCfg = Release|Any CPU
		{70DC7D51-01A3-422E-8FA5-1854C3B25365}.Release|Any CPU.Build.0 = Release|Any CPU
		{01052724-71D1-469C-90C1-AAD906A9F2D6}.Debug|Any CPU.ActiveCfg = Debug|Any CPU
		{01052724-71D1-469C-90C1-AAD906A9F2D6}.Debug|Any CPU.Build.0 = Debug|Any CPU
		{01052724-71D1-469C-90C1-AAD906A9F2D6}.Release|Any CPU.ActiveCfg = Release|Any CPU
		{01052724-71D1-469C-90C1-AAD906A9F2D6}.Release|Any CPU.Build.0 = Release|Any CPU
		{3CEB1AFF-017C-414D-8792-510DD7F02220}.Debug|Any CPU.ActiveCfg = Debug|Any CPU
		{3CEB1AFF-017C-414D-8792-510DD7F02220}.Debug|Any CPU.Build.0 = Debug|Any CPU
		{3CEB1AFF-017C-414D-8792-510DD7F02220}.Release|Any CPU.ActiveCfg = Release|Any CPU
		{3CEB1AFF-017C-414D-8792-510DD7F02220}.Release|Any CPU.Build.0 = Release|Any CPU
	EndGlobalSection
	GlobalSection(SolutionProperties) = preSolution
		HideSolutionNode = FALSE
	EndGlobalSection
	GlobalSection(ExtensibilityGlobals) = postSolution
		SolutionGuid = {1BAD50C9-3015-4ED0-BE9F-8ED42E96CF9E}
	EndGlobalSection
EndGlobal
